<Solution>
  <Folder Name="/BuildingBlocks/">
    <Project Path="BuildingBlocks/BuildingBlocks/BuildingBlocks.csproj" Id="267fd2d6-ff9e-4f81-9389-7d9403689f88" />
  </Folder>
  <Folder Name="/Services/" />
  <Folder Name="/Services/Catalog/">
    <Project Path="Services/Catalog/CatalogApi/CatalogApi.csproj" />
  </Folder>
</Solution>
